
Microsoft Visual Studio Solution File, Format Version 12.00
# Visual Studio Version 17
VisualStudioVersion = 17.5.002.0
MinimumVisualStudioVersion = 10.0.40219.1
Project("{9A19103F-16F7-4668-BE54-9A1E7A4F7556}") = "Heika", "Heika.csproj", "{406F335A-2A70-43A4-988D-121B2841FDB7}"
EndProject
Global
	GlobalSection(SolutionConfigurationPlatforms) = preSolution
		Debug|Any CPU = Debug|Any CPU
		Release|Any CPU = Release|Any CPU
	EndGlobalSection
	GlobalSection(ProjectConfigurationPlatforms) = postSolution
		{406F335A-2A70-43A4-988D-121B2841FDB7}.Debug|Any CPU.ActiveCfg = Debug|Any CPU
		{406F335A-2A70-43A4-988D-121B2841FDB7}.Debug|Any CPU.Build.0 = Debug|Any CPU
		{406F335A-2A70-43A4-988D-121B2841FDB7}.Release|Any CPU.ActiveCfg = Release|Any CPU
		{406F335A-2A70-43A4-988D-121B2841FDB7}.Release|Any CPU.Build.0 = Release|Any CPU
	EndGlobalSection
	GlobalSection(SolutionProperties) = preSolution
		HideSolutionNode = FALSE
	EndGlobalSection
	GlobalSection(ExtensibilityGlobals) = postSolution
		SolutionGuid = {281D1B8B-7235-4A4E-B838-7C1862DEB087}
	EndGlobalSection
EndGlobal
